{"filter":false,"title":"package-lock.json","tooltip":"/Backend/webbook/package-lock.json","undoManager":{"mark":0,"position":0,"stack":[[{"start":{"row":532,"column":7},"end":{"row":537,"column":7},"action":"remove","lines":["calStorage\": {","      \"version\": \"1.0.4\",","      \"resolved\": \"https://registry.npmjs.org/localStorage/-/localStorage-1.0.4.tgz\",","      \"integrity\": \"sha512-r35zrihcDiX+dqWlJSeIwS9nrF95OQTgqMFm3FB2D/+XgdmZtcutZOb7t0xXkhOEM8a9kpuu7cc28g1g36I5DQ==\"","    },","    \"lo"],"id":2}]]},"ace":{"folds":[],"scrolltop":0,"scrollleft":0,"selection":{"start":{"row":0,"column":0},"end":{"row":0,"column":0},"isBackwards":false},"options":{"guessTabSize":true,"useWrapMode":false,"wrapToView":true},"firstLineState":0},"timestamp":1611316626150,"hash":"f37ca1fb441b34ce415bbe9cdd9ec096b903016f"}