{"filter":false,"title":"package-lock.json","tooltip":"/D213/Backend/webbook/package-lock.json","undoManager":{"mark":-1,"position":-1,"stack":[]},"ace":{"folds":[],"scrolltop":300,"scrollleft":0,"selection":{"start":{"row":0,"column":0},"end":{"row":0,"column":0},"isBackwards":false},"options":{"guessTabSize":true,"useWrapMode":false,"wrapToView":true},"firstLineState":{"row":14,"state":"start","mode":"ace/mode/json"}},"timestamp":1608474519954,"hash":"57eb17a46348de60457dc3ec41acd76546b8accf"}